// !$*UTF8*$!
{
	archiveVersion = 1;
	classes = {
	};
	objectVersion = 46;
	objects = {

/* Begin PBXBuildFile section */
		25AD0C2F1B4E6B3F00873721 /* main.m in Sources */ = {isa = PBXBuildFile; fileRef = 25AD0C2E1B4E6B3F00873721 /* main.m */; };
		25AD0C321B4E6B3F00873721 /* AppDelegate.m in Sources */ = {isa = PBXBuildFile; fileRef = 25AD0C311B4E6B3F00873721 /* AppDelegate.m */; };
		25AD0C351B4E6B3F00873721 /* ViewController.m in Sources */ = {isa = PBXBuildFile; fileRef = 25AD0C341B4E6B3F00873721 /* ViewController.m */; };
		25AD0C381B4E6B3F00873721 /* Main.storyboard in Resources */ = {isa = PBXBuildFile; fileRef = 25AD0C361B4E6B3F00873721 /* Main.storyboard */; };
		25AD0C3A1B4E6B3F00873721 /* Images.xcassets in Resources */ = {isa = PBXBuildFile; fileRef = 25AD0C391B4E6B3F00873721 /* Images.xcassets */; };
		25AD0C3D1B4E6B3F00873721 /* LaunchScreen.xib in Resources */ = {isa = PBXBuildFile; fileRef = 25AD0C3B1B4E6B3F00873721 /* LaunchScreen.xib */; };
		25AD0C491B4E6B4000873721 /* BPMTests.m in Sources */ = {isa = PBXBuildFile; fileRef = 25AD0C481B4E6B4000873721 /* BPMTests.m */; };
/* End PBXBuildFile section */

/* Begin PBXContainerItemProxy section */
		25AD0C431B4E6B4000873721 /* PBXContainerItemProxy */ = {
			isa = PBXContainerItemProxy;
			containerPortal = 25AD0C211B4E6B3F00873721 /* Project object */;
			proxyType = 1;
			remoteGlobalIDString = 25AD0C281B4E6B3F00873721;
			remoteInfo = BPM;
		};
/* End PBXContainerItemProxy section */

/* Begin PBXFileReference section */
		25AD0C291B4E6B3F00873721 /* BPM.app */ = {isa = PBXFileReference; explicitFileType = wrapper.application; includeInIndex = 0; path = BPM.app; sourceTree = BUILT_PRODUCTS_DIR; };
		25AD0C2D1B4E6B3F00873721 /* Info.plist */ = {isa = PBXFileReference; lastKnownFileType = text.plist.xml; path = Info.plist; sourceTree = "<group>"; };
		25AD0C2E1B4E6B3F00873721 /* main.m */ = {isa = PBXFileReference; lastKnownFileType = sourcecode.c.objc; path = main.m; sourceTree = "<group>"; };
		25AD0C301B4E6B3F00873721 /* AppDelegate.h */ = {isa = PBXFileReference; lastKnownFileType = sourcecode.c.h; path = AppDelegate.h; sourceTree = "<group>"; };
		25AD0C311B4E6B3F00873721 /* AppDelegate.m */ = {isa = PBXFileReference; lastKnownFileType = sourcecode.c.objc; path = AppDelegate.m; sourceTree = "<group>"; };
		25AD0C331B4E6B3F00873721 /* ViewController.h */ = {isa = PBXFileReference; lastKnownFileType = sourcecode.c.h; path = ViewController.h; sourceTree = "<group>"; };
		25AD0C341B4E6B3F00873721 /* ViewController.m */ = {isa = PBXFileReference; lastKnownFileType = sourcecode.c.objc; path = ViewController.m; sourceTree = "<group>"; };
		25AD0C371B4E6B3F00873721 /* Base */ = {isa = PBXFileReference; lastKnownFileType = file.storyboard; name = Base; path = Base.lproj/Main.storyboard; sourceTree = "<group>"; };
		25AD0C391B4E6B3F00873721 /* Images.xcassets */ = {isa = PBXFileReference; lastKnownFileType = folder.assetcatalog; path = Images.xcassets; sourceTree = "<group>"; };
		25AD0C3C1B4E6B3F00873721 /* Base */ = {isa = PBXFileReference; lastKnownFileType = file.xib; name = Base; path = Base.lproj/LaunchScreen.xib; sourceTree = "<group>"; };
		25AD0C421B4E6B4000873721 /* BPMTests.xctest */ = {isa = PBXFileReference; explicitFileType = wrapper.cfbundle; includeInIndex = 0; path = BPMTests.xctest; sourceTree = BUILT_PRODUCTS_DIR; };
		25AD0C471B4E6B4000873721 /* Info.plist */ = {isa = PBXFileReference; lastKnownFileType = text.plist.xml; path = Info.plist; sourceTree = "<group>"; };
		25AD0C481B4E6B4000873721 /* BPMTests.m */ = {isa = PBXFileReference; lastKnownFileType = sourcecode.c.objc; path = BPMTests.m; sourceTree = "<group>"; };
/* End PBXFileReference section */

/* Begin PBXFrameworksBuildPhase section */
		25AD0C261B4E6B3F00873721 /* Frameworks */ = {
			isa = PBXFrameworksBuildPhase;
			buildActionMask = 2147483647;
			files = (
			);
			runOnlyForDeploymentPostprocessing = 0;
		};
		25AD0C3F1B4E6B4000873721 /* Frameworks */ = {
			isa = PBXFrameworksBuildPhase;
			buildActionMask = 2147483647;
			files = (
			);
			runOnlyForDeploymentPostprocessing = 0;
		};
/* End PBXFrameworksBuildPhase section */

/* Begin PBXGroup section */
		25AD0C201B4E6B3F00873721 = {
			isa = PBXGroup;
			children = (
				25AD0C2B1B4E6B3F00873721 /* BPM */,
				25AD0C451B4E6B4000873721 /* BPMTests */,
				25AD0C2A1B4E6B3F00873721 /* Products */,
			);
			sourceTree = "<group>";
		};
		25AD0C2A1B4E6B3F00873721 /* Products */ = {
			isa = PBXGroup;
			children = (
				25AD0C291B4E6B3F00873721 /* BPM.app */,
				25AD0C421B4E6B4000873721 /* BPMTests.xctest */,
			);
			name = Products;
			sourceTree = "<group>";
		};
		25AD0C2B1B4E6B3F00873721 /* BPM */ = {
			isa = PBXGroup;
			children = (
				25AD0C301B4E6B3F00873721 /* AppDelegate.h */,
				25AD0C311B4E6B3F00873721 /* AppDelegate.m */,
				25AD0C331B4E6B3F00873721 /* ViewController.h */,
				25AD0C341B4E6B3F00873721 /* ViewController.m */,
				25AD0C361B4E6B3F00873721 /* Main.storyboard */,
				25AD0C391B4E6B3F00873721 /* Images.xcassets */,
				25AD0C3B1B4E6B3F00873721 /* LaunchScreen.xib */,
				25AD0C2C1B4E6B3F00873721 /* Supporting Files */,
			);
			path = BPM;
			sourceTree = "<group>";
		};
		25AD0C2C1B4E6B3F00873721 /* Supporting Files */ = {
			isa = PBXGroup;
			children = (
				25AD0C2D1B4E6B3F00873721 /* Info.plist */,
				25AD0C2E1B4E6B3F00873721 /* main.m */,
			);
			name = "Supporting Files";
			sourceTree = "<group>";
		};
		25AD0C451B4E6B4000873721 /* BPMTests */ = {
			isa = PBXGroup;
			children = (
				25AD0C481B4E6B4000873721 /* BPMTests.m */,
				25AD0C461B4E6B4000873721 /* Supporting Files */,
			);
			path = BPMTests;
			sourceTree = "<group>";
		};
		25AD0C461B4E6B4000873721 /* Supporting Files */ = {
			isa = PBXGroup;
			children = (
				25AD0C471B4E6B4000873721 /* Info.plist */,
			);
			name = "Supporting Files";
			sourceTree = "<group>";
		};
/* End PBXGroup section */

/* Begin PBXNativeTarget section */
		25AD0C281B4E6B3F00873721 /* BPM */ = {
			isa = PBXNativeTarget;
			buildConfigurationList = 25AD0C4C1B4E6B4000873721 /* Build configuration list for PBXNativeTarget "BPM" */;
			buildPhases = (
				25AD0C251B4E6B3F00873721 /* Sources */,
				25AD0C261B4E6B3F00873721 /* Frameworks */,
				25AD0C271B4E6B3F00873721 /* Resources */,
			);
			buildRules = (
			);
			dependencies = (
			);
			name = BPM;
			productName = BPM;
			productReference = 25AD0C291B4E6B3F00873721 /* BPM.app */;
			productType = "com.apple.product-type.application";
		};
		25AD0C411B4E6B4000873721 /* BPMTests */ = {
			isa = PBXNativeTarget;
			buildConfigurationList = 25AD0C4F1B4E6B4000873721 /* Build configuration list for PBXNativeTarget "BPMTests" */;
			buildPhases = (
				25AD0C3E1B4E6B4000873721 /* Sources */,
				25AD0C3F1B4E6B4000873721 /* Frameworks */,
				25AD0C401B4E6B4000873721 /* Resources */,
			);
			buildRules = (
			);
			dependencies = (
				25AD0C441B4E6B4000873721 /* PBXTargetDependency */,
			);
			name = BPMTests;
			productName = BPMTests;
			productReference = 25AD0C421B4E6B4000873721 /* BPMTests.xctest */;
			productType = "com.apple.product-type.bundle.unit-test";
		};
/* End PBXNativeTarget section */

/* Begin PBXProject section */
		25AD0C211B4E6B3F00873721 /* Project object */ = {
			isa = PBXProject;
			attributes = {
				LastUpgradeCheck = 0640;
				ORGANIZATIONNAME = "EK Solutions Pvt Ltd";
				TargetAttributes = {
					25AD0C281B4E6B3F00873721 = {
						CreatedOnToolsVersion = 6.4;
					};
					25AD0C411B4E6B4000873721 = {
						CreatedOnToolsVersion = 6.4;
						TestTargetID = 25AD0C281B4E6B3F00873721;
					};
				};
			};
			buildConfigurationList = 25AD0C241B4E6B3F00873721 /* Build configuration list for PBXProject "BPM" */;
			compatibilityVersion = "Xcode 3.2";
			developmentRegion = English;
			hasScannedForEncodings = 0;
			knownRegions = (
				en,
				Base,
			);
			mainGroup = 25AD0C201B4E6B3F00873721;
			productRefGroup = 25AD0C2A1B4E6B3F00873721 /* Products */;
			projectDirPath = "";
			projectRoot = "";
			targets = (
				25AD0C281B4E6B3F00873721 /* BPM */,
				25AD0C411B4E6B4000873721 /* BPMTests */,
			);
		};
/* End PBXProject section */

/* Begin PBXResourcesBuildPhase section */
		25AD0C271B4E6B3F00873721 /* Resources */ = {
			isa = PBXResourcesBuildPhase;
			buildActionMask = 2147483647;
			files = (
				25AD0C381B4E6B3F00873721 /* Main.storyboard in Resources */,
				25AD0C3D1B4E6B3F00873721 /* LaunchScreen.xib in Resources */,
				25AD0C3A1B4E6B3F00873721 /* Images.xcassets in Resources */,
			);
			runOnlyForDeploymentPostprocessing = 0;
		};
		25AD0C401B4E6B4000873721 /* Resources */ = {
			isa = PBXResourcesBuildPhase;
			buildActionMask = 2147483647;
			files = (
			);
			runOnlyForDeploymentPostprocessing = 0;
		};
/* End PBXResourcesBuildPhase section */

/* Begin PBXSourcesBuildPhase section */
		25AD0C251B4E6B3F00873721 /* Sources */ = {
			isa = PBXSourcesBuildPhase;
			buildActionMask = 2147483647;
			files = (
				25AD0C351B4E6B3F00873721 /* ViewController.m in Sources */,
				25AD0C321B4E6B3F00873721 /* AppDelegate.m in Sources */,
				25AD0C2F1B4E6B3F00873721 /* main.m in Sources */,
			);
			runOnlyForDeploymentPostprocessing = 0;
		};
		25AD0C3E1B4E6B4000873721 /* Sources */ = {
			isa = PBXSourcesBuildPhase;
			buildActionMask = 2147483647;
			files = (
				25AD0C491B4E6B4000873721 /* BPMTests.m in Sources */,
			);
			runOnlyForDeploymentPostprocessing = 0;
		};
/* End PBXSourcesBuildPhase section */

/* Begin PBXTargetDependency section */
		25AD0C441B4E6B4000873721 /* PBXTargetDependency */ = {
			isa = PBXTargetDependency;
			target = 25AD0C281B4E6B3F00873721 /* BPM */;
			targetProxy = 25AD0C431B4E6B4000873721 /* PBXContainerItemProxy */;
		};
/* End PBXTargetDependency section */

/* Begin PBXVariantGroup section */
		25AD0C361B4E6B3F00873721 /* Main.storyboard */ = {
			isa = PBXVariantGroup;
			children = (
				25AD0C371B4E6B3F00873721 /* Base */,
			);
			name = Main.storyboard;
			sourceTree = "<group>";
		};
		25AD0C3B1B4E6B3F00873721 /* LaunchScreen.xib */ = {
			isa = PBXVariantGroup;
			children = (
				25AD0C3C1B4E6B3F00873721 /* Base */,
			);
			name = LaunchScreen.xib;
			sourceTree = "<group>";
		};
/* End PBXVariantGroup section */

/* Begin XCBuildConfiguration section */
		25AD0C4A1B4E6B4000873721 /* Debug */ = {
			isa = XCBuildConfiguration;
			buildSettings = {
				ALWAYS_SEARCH_USER_PATHS = NO;
				CLANG_CXX_LANGUAGE_STANDARD = "gnu++0x";
				CLANG_CXX_LIBRARY = "libc++";
				CLANG_ENABLE_MODULES = YES;
				CLANG_ENABLE_OBJC_ARC = YES;
				CLANG_WARN_BOOL_CONVERSION = YES;
				CLANG_WARN_CONSTANT_CONVERSION = YES;
				CLANG_WARN_DIRECT_OBJC_ISA_USAGE = YES_ERROR;
				CLANG_WARN_EMPTY_BODY = YES;
				CLANG_WARN_ENUM_CONVERSION = YES;
				CLANG_WARN_INT_CONVERSION = YES;
				CLANG_WARN_OBJC_ROOT_CLASS = YES_ERROR;
				CLANG_WARN_UNREACHABLE_CODE = YES;
				CLANG_WARN__DUPLICATE_METHOD_MATCH = YES;
				"CODE_SIGN_IDENTITY[sdk=iphoneos*]" = "iPhone Developer";
				COPY_PHASE_STRIP = NO;
				DEBUG_INFORMATION_FORMAT = "dwarf-with-dsym";
				ENABLE_STRICT_OBJC_MSGSEND = YES;
				GCC_C_LANGUAGE_STANDARD = gnu99;
				GCC_DYNAMIC_NO_PIC = NO;
				GCC_NO_COMMON_BLOCKS = YES;
				GCC_OPTIMIZATION_LEVEL = 0;
				GCC_PREPROCESSOR_DEFINITIONS = (
					"DEBUG=1",
					"$(inherited)",
				);
				GCC_SYMBOLS_PRIVATE_EXTERN = NO;
				GCC_WARN_64_TO_32_BIT_CONVERSION = YES;
				GCC_WARN_ABOUT_RETURN_TYPE = YES_ERROR;
				GCC_WARN_UNDECLARED_SELECTOR = YES;
				GCC_WARN_UNINITIALIZED_AUTOS = YES_AGGRESSIVE;
				GCC_WARN_UNUSED_FUNCTION = YES;
				GCC_WARN_UNUSED_VARIABLE = YES;
				IPHONEOS_DEPLOYMENT_TARGET = 8.4;
				MTL_ENABLE_DEBUG_INFO = YES;
				ONLY_ACTIVE_ARCH = YES;
				SDKROOT = iphoneos;
				TARGETED_DEVICE_FAMILY = "1,2";
			};
			name = Debug;
		};
		25AD0C4B1B4E6B4000873721 /* Release */ = {
			isa = XCBuildConfiguration;
			buildSettings = {
				ALWAYS_SEARCH_USER_PATHS = NO;
				CLANG_CXX_LANGUAGE_STANDARD = "gnu++0x";
				CLANG_CXX_LIBRARY = "libc++";
				CLANG_ENABLE_MODULES = YES;
				CLANG_ENABLE_OBJC_ARC = YES;
				CLANG_WARN_BOOL_CONVERSION = YES;
				CLANG_WARN_CONSTANT_CONVERSION = YES;
				CLANG_WARN_DIRECT_OBJC_ISA_USAGE = YES_ERROR;
				CLANG_WARN_EMPTY_BODY = YES;
				CLANG_WARN_ENUM_CONVERSION = YES;
				CLANG_WARN_INT_CONVERSION = YES;
				CLANG_WARN_OBJC_ROOT_CLASS = YES_ERROR;
				CLANG_WARN_UNREACHABLE_CODE = YES;
				CLANG_WARN__DUPLICATE_METHOD_MATCH = YES;
				"CODE_SIGN_IDENTITY[sdk=iphoneos*]" = "iPhone Developer";
				COPY_PHASE_STRIP = NO;
				DEBUG_INFORMATION_FORMAT = "dwarf-with-dsym";
				ENABLE_NS_ASSERTIONS = NO;
				ENABLE_STRICT_OBJC_MSGSEND = YES;
				GCC_C_LANGUAGE_STANDARD = gnu99;
				GCC_NO_COMMON_BLOCKS = YES;
				GCC_WARN_64_TO_32_BIT_CONVERSION = YES;
				GCC_WARN_ABOUT_RETURN_TYPE = YES_ERROR;
				GCC_WARN_UNDECLARED_SELECTOR = YES;
				GCC_WARN_UNINITIALIZED_AUTOS = YES_AGGRESSIVE;
				GCC_WARN_UNUSED_FUNCTION = YES;
				GCC_WARN_UNUSED_VARIABLE = YES;
				IPHONEOS_DEPLOYMENT_TARGET = 8.4;
				MTL_ENABLE_DEBUG_INFO = NO;
				SDKROOT = iphoneos;
				TARGETED_DEVICE_FAMILY = "1,2";
				VALIDATE_PRODUCT = YES;
			};
			name = Release;
		};
		25AD0C4D1B4E6B4000873721 /* Debug */ = {
			isa = XCBuildConfiguration;
			buildSettings = {
				ASSETCATALOG_COMPILER_APPICON_NAME = AppIcon;
				INFOPLIST_FILE = BPM/Info.plist;
				LD_RUNPATH_SEARCH_PATHS = "$(inherited) @executable_path/Frameworks";
				PRODUCT_NAME = "$(TARGET_NAME)";
			};
			name = Debug;
		};
		25AD0C4E1B4E6B4000873721 /* Release */ = {
			isa = XCBuildConfiguration;
			buildSettings = {
				ASSETCATALOG_COMPILER_APPICON_NAME = AppIcon;
				INFOPLIST_FILE = BPM/Info.plist;
				LD_RUNPATH_SEARCH_PATHS = "$(inherited) @executable_path/Frameworks";
				PRODUCT_NAME = "$(TARGET_NAME)";
			};
			name = Release;
		};
		25AD0C501B4E6B4000873721 /* Debug */ = {
			isa = XCBuildConfiguration;
			buildSettings = {
				BUNDLE_LOADER = "$(TEST_HOST)";
				FRAMEWORK_SEARCH_PATHS = (
					"$(SDKROOT)/Developer/Library/Frameworks",
					"$(inherited)",
				);
				GCC_PREPROCESSOR_DEFINITIONS = (
					"DEBUG=1",
					"$(inherited)",
				);
				INFOPLIST_FILE = BPMTests/Info.plist;
				LD_RUNPATH_SEARCH_PATHS = "$(inherited) @executable_path/Frameworks @loader_path/Frameworks";
				PRODUCT_NAME = "$(TARGET_NAME)";
				TEST_HOST = "$(BUILT_PRODUCTS_DIR)/BPM.app/BPM";
			};
			name = Debug;
		};
		25AD0C511B4E6B4000873721 /* Release */ = {
			isa = XCBuildConfiguration;
			buildSettings = {
				BUNDLE_LOADER = "$(TEST_HOST)";
				FRAMEWORK_SEARCH_PATHS = (
					"$(SDKROOT)/Developer/Library/Frameworks",
					"$(inherited)",
				);
				INFOPLIST_FILE = BPMTests/Info.plist;
				LD_RUNPATH_SEARCH_PATHS = "$(inherited) @executable_path/Frameworks @loader_path/Frameworks";
				PRODUCT_NAME = "$(TARGET_NAME)";
				TEST_HOST = "$(BUILT_PRODUCTS_DIR)/BPM.app/BPM";
			};
			name = Release;
		};
/* End XCBuildConfiguration section */

/* Begin XCConfigurationList section */
		25AD0C241B4E6B3F00873721 /* Build configuration list for PBXProject "BPM" */ = {
			isa = XCConfigurationList;
			buildConfigurations = (
				25AD0C4A1B4E6B4000873721 /* Debug */,
				25AD0C4B1B4E6B4000873721 /* Release */,
			);
			defaultConfigurationIsVisible = 0;
			defaultConfigurationName = Release;
		};
		25AD0C4C1B4E6B4000873721 /* Build configuration list for PBXNativeTarget "BPM" */ = {
			isa = XCConfigurationList;
			buildConfigurations = (
				25AD0C4D1B4E6B4000873721 /* Debug */,
				25AD0C4E1B4E6B4000873721 /* Release */,
			);
			defaultConfigurationIsVisible = 0;
		};
		25AD0C4F1B4E6B4000873721 /* Build configuration list for PBXNativeTarget "BPMTests" */ = {
			isa = XCConfigurationList;
			buildConfigurations = (
				25AD0C501B4E6B4000873721 /* Debug */,
				25AD0C511B4E6B4000873721 /* Release */,
			);
			defaultConfigurationIsVisible = 0;
		};
/* End XCConfigurationList section */
	};
	rootObject = 25AD0C211B4E6B3F00873721 /* Project object */;
}
